
Microsoft Visual Studio Solution File, Format Version 12.00
# Visual Studio 15
VisualStudioVersion = 15.0.28307.421
MinimumVisualStudioVersion = 10.0.40219.1
Project("{FAE04EC0-301F-11D3-BF4B-00C04F79EFBC}") = "FreeEDR.Internal.DataService", "FreeEDR.Internal.DataService.csproj", "{B4E58304-B3CB-4E99-B41B-9D00AEB4D850}"
EndProject
Global
	GlobalSection(SolutionConfigurationPlatforms) = preSolution
		Debug|Any CPU = Debug|Any CPU
		Release|Any CPU = Release|Any CPU
	EndGlobalSection
	GlobalSection(ProjectConfigurationPlatforms) = postSolution
		{B4E58304-B3CB-4E99-B41B-9D00AEB4D850}.Debug|Any CPU.ActiveCfg = Debug|Any CPU
		{B4E58304-B3CB-4E99-B41B-9D00AEB4D850}.Debug|Any CPU.Build.0 = Debug|Any CPU
		{B4E58304-B3CB-4E99-B41B-9D00AEB4D850}.Release|Any CPU.ActiveCfg = Release|Any CPU
		{B4E58304-B3CB-4E99-B41B-9D00AEB4D850}.Release|Any CPU.Build.0 = Release|Any CPU
	EndGlobalSection
	GlobalSection(SolutionProperties) = preSolution
		HideSolutionNode = FALSE
	EndGlobalSection
	GlobalSection(ExtensibilityGlobals) = postSolution
		SolutionGuid = {485B8356-59BD-4E50-86F9-92B44796EF7B}
	EndGlobalSection
EndGlobal
